[mods.aether]
version = "1.20.1-1.4.2-neoforge"
deps = []
server_side = true
client_side = true

[[mods.aether.source]]

[mods.aether.source.Download]
url = "https://cdn.modrinth.com/data/YhmgMVyu/versions/1iMxKMqa/aether-1.20.1-1.4.2-neoforge.jar"
sha1 = "8d7e71f924e585b7565fe3fedd7c89471c32381c"
sha512 = "ee8327826a29f303e1cdca82363a48ac06b254ffed08bb155e8bd90ce2d56cf0018102fad4e1f36d077182c55d595d400c75e6586ee1b307d22357b458f44e75"
filename = "aether-1.20.1-1.4.2-neoforge.jar"

[mods.alexs-caves]
version = "1.1.5"
server_side = true
client_side = true

[[mods.alexs-caves.source]]

[mods.alexs-caves.source.Download]
url = "https://cdn.modrinth.com/data/U6GY0xp0/versions/2gc9us5X/alexscaves-1.1.5.jar"
sha1 = "4c2b044111727354ca4968243b871686aaff9c63"
sha512 = "9a364512a0fa97b28620d068349119703e6cb0eef5e0d0281d92adf1fd017441de0117a445be18af0f4a54895e343cabd0dc4b0916b2d952d092ffe861ba2bac"
filename = "alexscaves-1.1.5.jar"

[[mods.alexs-caves.deps]]
name = "citadel"
version = "2.6.0"
providers = ["Modrinth"]

[mods.alternate-current]
version = "forge-mc1.20-1.7.0"
server_side = true
client_side = false

[[mods.alternate-current.source]]

[mods.alternate-current.source.Download]
url = "https://cdn.modrinth.com/data/r0v8vy1s/versions/kC6SY4Zp/alternate_current-mc1.20-1.7.0.jar"
sha1 = "02def44a2c416459ee5daecbe1caa6d78571e205"
sha512 = "d9ae21a3a389c63466bf22b36d4a78c859f30c901397622f1f1438737901a2c67e4d911c83831e0d4f1edabf0b86b58f4192d9980ecef8278393fd4af64a9585"
filename = "alternate_current-mc1.20-1.7.0.jar"

[mods.betterf3]
version = "7.0.2"
server_side = false
client_side = true

[[mods.betterf3.source]]

[mods.betterf3.source.Download]
url = "https://cdn.modrinth.com/data/8shC1gFX/versions/xo6HmgWj/BetterF3-7.0.2-Forge-1.20.1.jar"
sha1 = "b65cba59e87dc6c6d1aa9c47f09b9996b4e5075d"
sha512 = "e88ce04d601a5953de909edaabb49dad9eea2c3a9ccccb1247fd041554b30794d4d4c315be065c90b1017cbd798199e644fe8d905125f4c431ddb8eaf170dd15"
filename = "BetterF3-7.0.2-Forge-1.20.1.jar"

[[mods.betterf3.deps]]
name = "cloth-config"
version = "11.1.118+forge"
providers = ["Modrinth"]

[mods.caelus]
version = "3.2.0+1.20.1"
server_side = true
client_side = true

[[mods.caelus.source]]

[mods.caelus.source.Download]
url = "https://cdn.modrinth.com/data/40FYwb4z/versions/mRry0DgY/caelus-forge-3.2.0%2B1.20.1.jar"
sha1 = "d14e8ee892d4d8764f523ad0e89bdcfc061fb007"
sha512 = "906baad404c33288d8daf8937bc6a85d3bcc03db67a4a68395b8f01eea57f773420ff97919aadb08a7618b62b0c6c3db72270f9c3af836b822385464f509cf78"
filename = "caelus-forge-3.2.0+1.20.1.jar"

[mods.carry-on]
version = "2.1.2.7"
server_side = true
client_side = true

[[mods.carry-on.source]]

[mods.carry-on.source.Download]
url = "https://cdn.modrinth.com/data/joEfVgkn/versions/edGQD16r/carryon-forge-1.20.1-2.1.2.7.jar"
sha1 = "9999714ca3dd2f2401f0396ca44f3b27c3784c4f"
sha512 = "4f75afb703dd71c322d4e2e27d28d7ab4afeb0c242bcee6d1eb5fef59ee4347352f1ca55f1826743957d2e95a951ed13884356485b0a979b14010915079e2c29"
filename = "carryon-forge-1.20.1-2.1.2.7.jar"

[mods.citadel]
version = "2.6.0"
server_side = true
client_side = true

[[mods.citadel.source]]

[mods.citadel.source.Download]
url = "https://cdn.modrinth.com/data/jJfV67b1/versions/mL5pYWWo/citadel-2.6.0-1.20.1.jar"
sha1 = "fed1e7cb25232d31aaebe86f4ebafe8d9b663387"
sha512 = "8edb2264317e547230960109aaadae36ce0db9abb27748d47033c64c7f4958a970172ae382552c5e3c41a4885e95437328a6eba53226fd64c4ce0b4f0ec22b4f"
filename = "citadel-2.6.0-1.20.1.jar"

[mods.cloth-config]
version = "11.1.118+forge"
server_side = true
client_side = true

[[mods.cloth-config.source]]

[mods.cloth-config.source.Download]
url = "https://cdn.modrinth.com/data/9s6osm5g/versions/nr1znv5v/cloth-config-11.1.118-forge.jar"
sha1 = "c46ca3fba95691873a765f4e79750c615f33e446"
sha512 = "5f8017fb496e65ce25ecb249927602d578fc235fc80c5db335e071ee9c108680b3c8c1f82dfafaf21c90e46a174b6717a3946feea5295a3c8ace5b11201ff7c5"
filename = "cloth-config-11.1.118-forge.jar"

[mods.clumps]
version = "12.0.0.4"
server_side = true
client_side = true

[[mods.clumps.source]]

[mods.clumps.source.Download]
url = "https://cdn.modrinth.com/data/Wnxd13zP/versions/nAHGB5ls/Clumps-forge-1.20.1-12.0.0.4.jar"
sha1 = "8809c7aa6c71389e9c59abfe5def52c1cb8d4f1c"
sha512 = "ffd8ff2438e9f9d260d3926ccdd0cccc4772c6f99f29715690aed4f6e97a76035f3aeaa78168e2a458bc4cccf521e97ebdb6e0b61c819facb04af9ebb3638383"
filename = "Clumps-forge-1.20.1-12.0.0.4.jar"

[mods.connector]
version = "1.0.0-beta.45+1.20.1"
server_side = true
client_side = true

[[mods.connector.source]]

[mods.connector.source.Download]
url = "https://cdn.modrinth.com/data/u58R1TMW/versions/j0igWmaL/Connector-1.0.0-beta.45%2B1.20.1.jar"
sha1 = "bcbcdcfa0260df23800d26069588073b998e65e7"
sha512 = "33ee9d70c91067ff8ce13df8e905a20a5e7de0aab5308a2c2356b835633c46cbe177561e10b2ff4c18bd4fc5d2f910ac46906c73a11625a2b2cbaa7d89ef642c"
filename = "Connector-1.0.0-beta.45+1.20.1.jar"

[[mods.connector.deps]]
name = "forgified-fabric-api"
version = "0.92.2+1.11.8+1.20.1"
providers = ["Modrinth"]

[mods.connector-extras]
version = "1.11.2+1.20.1"
server_side = true
client_side = true

[[mods.connector-extras.source]]

[mods.connector-extras.source.Download]
url = "https://cdn.modrinth.com/data/FYpiwiBR/versions/d28gpPn6/ConnectorExtras-1.11.2%2B1.20.1.jar"
sha1 = "9336db4e6ce458bccf7724c039f0371e822397ae"
sha512 = "a318841ce2c42e8ba2058d47ad323bcb8ca500515c391f3f31b6468e8d4d974a53effe8a0a801b7fafd60d9845be514696bd9b095a3cc5d014bde02ce531bada"
filename = "ConnectorExtras-1.11.2+1.20.1.jar"

[[mods.connector-extras.deps]]
name = "connector"
version = "1.0.0-beta.45+1.20.1"
providers = ["Modrinth"]

[mods.copycats]
version = "2.1.2+mc.1.20.1-forge"
server_side = true
client_side = true

[[mods.copycats.source]]

[mods.copycats.source.Download]
url = "https://cdn.modrinth.com/data/UT2M39wf/versions/zyXQ6jAy/copycats-2.1.2%2Bmc.1.20.1-forge.jar"
sha1 = "74ae3b05fa0fcc2b3f252e1748432fe0bf3fcf72"
sha512 = "b9841b55834ea532aaafe3fec4001887fc9c8de83d7a14df68446cfeab5cabba469c61276d355f12806741e455fbd32269f18b303a7fb26fdf3ebfce8fde2bc5"
filename = "copycats-2.1.2+mc.1.20.1-forge.jar"

[[mods.copycats.deps]]
name = "create"
version = "1.20.1-0.5.1.f"
providers = ["Modrinth"]

[mods.create]
version = "1.20.1-0.5.1.f"
server_side = true
client_side = true

[[mods.create.source]]

[mods.create.source.Download]
url = "https://cdn.modrinth.com/data/LNytGWDc/versions/HNYrbfZZ/create-1.20.1-0.5.1.f.jar"
sha1 = "3fee3c26ebbfdfd59e1371ab73ba1f61b44ef6d0"
sha512 = "426c1ce8b9cbaa3b3d6964ff5669401734146648ae024b14ea1e7bfc0768fb768310a7e464b81d40eac1cf07b24c4a7b01c84dfc879ed637c05947c6b6516961"
filename = "create-1.20.1-0.5.1.f.jar"

[mods.emi]
version = "1.1.12+1.20.1+forge"
server_side = false
client_side = true

[[mods.emi.source]]

[mods.emi.source.Download]
url = "https://cdn.modrinth.com/data/fRiHVvU7/versions/X6p68pI0/emi-1.1.12%2B1.20.1%2Bforge.jar"
sha1 = "53a0f7c3ed929f6e8350cb3c4223f37d7b8d9ebb"
sha512 = "f285183b02622c2dced794258d03ceeac2da0428dfef63d19d0c408c2792cb6c743cc84216f0992fd010ff794d2ccee4b4fc4493c1404d5924043c57d5c625e8"
filename = "emi-1.1.12+1.20.1+forge.jar"

[mods.forgified-fabric-api]
version = "0.92.2+1.11.8+1.20.1"
server_side = true
client_side = true

[[mods.forgified-fabric-api.source]]

[mods.forgified-fabric-api.source.Download]
url = "https://cdn.modrinth.com/data/Aqlf1Shp/versions/D3EZO1Kr/fabric-api-0.92.2%2B1.11.8%2B1.20.1.jar"
sha1 = "d5680a4d2e2dde45115e41a5e22f6b32f9c80f50"
sha512 = "1222d70e0a403d98a6431806c4357b191fda4bb928eaf7e70b7374cffd0ceae8716812a4d2a0e09ddfeee7adfcb8a6ee8e046c4663ca272c6eb1badab83696c5"
filename = "fabric-api-0.92.2+1.11.8+1.20.1.jar"

[mods.ice-and-fire-dragons]
version = "2.1.13-1.20.1-beta-5"
server_side = true
client_side = true

[[mods.ice-and-fire-dragons.source]]

[mods.ice-and-fire-dragons.source.Download]
url = "https://cdn.modrinth.com/data/LVnvHVBp/versions/EzN8KQYF/iceandfire-2.1.13-1.20.1-beta-5.jar"
sha1 = "7e828cbb046ca3d622e92c68f956bd1c0155dc6f"
sha512 = "9e3559efccfb898a1f96c16910c07d26bafa730603a335db04df5a1ef511bd2e60b6bbb788c12aa80b12c8ffd8228e7eddf840f90f356577bfd0e439e24eb4f1"
filename = "iceandfire-2.1.13-1.20.1-beta-5.jar"

[[mods.ice-and-fire-dragons.deps]]
name = "citadel"
version = "2.6.0"
providers = ["Modrinth"]

[mods.jade]
version = "11.10.1+forge"
deps = []
server_side = true
client_side = true

[[mods.jade.source]]

[mods.jade.source.Download]
url = "https://cdn.modrinth.com/data/nvQzSEkH/versions/dldgfOqB/Jade-1.20.1-forge-11.10.1.jar"
sha1 = "2c1c81e354f0db938b62735225f02b9a255806a2"
sha512 = "81dce804787bbd1b8120634b31e7a5bd8197ca808ea0ba823ea6a821540b91598839210fc22f9e83696c1540e83e0812be8df6a369267e06f696474783899b41"
filename = "Jade-1.20.1-forge-11.10.1.jar"

[mods.medieval-origins-revival]
version = "6.4.5+1.20.1-forge"
server_side = true
client_side = true

[[mods.medieval-origins-revival.source]]

[mods.medieval-origins-revival.source.Download]
url = "https://cdn.modrinth.com/data/3FJ8AhW0/versions/4X4ROLk5/MedievalOriginsRevival-6.4.5%2B1.20.1-forge.jar"
sha1 = "17886992f68350f942747e52d1f1deee3ec7ac2f"
sha512 = "5989f0bb7084c8c6d18b62bf6bc81cd30af802bbcebd195a27aa92fdb1df5c02202c3e79ac6310603fea9d020ecf16708fcedf44f01c9c21c02249e419e24b85"
filename = "MedievalOriginsRevival-6.4.5+1.20.1-forge.jar"

[[mods.medieval-origins-revival.deps]]
name = "origins-forge"
version = "1.20.1-1.10.0.9"
providers = ["Modrinth"]

[[mods.medieval-origins-revival.deps]]
name = "pehkui"
version = "3.8.2+1.20.1-forge"
providers = ["Modrinth"]

[mods.origins-forge]
version = "1.20.1-1.10.0.9"
server_side = true
client_side = true

[[mods.origins-forge.source]]

[mods.origins-forge.source.Download]
url = "https://cdn.modrinth.com/data/jl3m2lR9/versions/vynFXywM/origins-forge-1.20.1-1.10.0.9-all.jar"
sha1 = "71af2b5fa4d2905ab71ca7c488a508dba277f109"
sha512 = "b103ac2ac509e98eaceedf04891bbe302e82f8b4a7fc3790b3d63bd912306bb09f9925489473211627a7a87d2049672a3e66c5cf6f5b1e34e62049f3a43d0e5d"
filename = "origins-forge-1.20.1-1.10.0.9-all.jar"

[[mods.origins-forge.deps]]
name = "caelus"
version = "3.2.0+1.20.1"
providers = ["Modrinth"]

[mods.patchouli]
version = "1.20.1-84-fabric"
server_side = true
client_side = true

[[mods.patchouli.source]]

[mods.patchouli.source.Download]
url = "https://cdn.modrinth.com/data/nU0bVIaL/versions/Y6tuH1cn/Patchouli-1.20.1-84-FABRIC.jar"
sha1 = "acbbeaae2f57052058a8444439f93d9a2d3efaf2"
sha512 = "b20cebaab0972443ccc7f3b10b2038d32cfa7baa953a1cc8de6333fa711f63fd51b1b5933e0f2757445385b98e132ef295bd7c17f67ebb44bc8481295329d8bf"
filename = "Patchouli-1.20.1-84-FABRIC.jar"

[[mods.patchouli.deps]]
name = "fabric-api"
version = "0.92.2+1.20.1"
providers = ["Modrinth"]
loader = "Fabric"

[mods.pehkui]
version = "3.8.2+1.20.1-forge"
server_side = true
client_side = true

[[mods.pehkui.source]]

[mods.pehkui.source.Download]
url = "https://cdn.modrinth.com/data/t5W7Jfwy/versions/SQpqSgAE/Pehkui-3.8.2%2B1.20.1-forge.jar"
sha1 = "4bc816efdd8e5e2a97423313674401351710e403"
sha512 = "e4660f0b5af6bfe2902ab39a6fbfa911856e0567bffc47842b482731da373afa4424b9e7cf47c61a0c2107445520475053709a6671d9eb4b7f4b55597729af3f"
filename = "Pehkui-3.8.2+1.20.1-forge.jar"

[mods.revelationary]
version = "1.3.8+1.20.1"
server_side = true
client_side = true

[[mods.revelationary.source]]

[mods.revelationary.source.Download]
url = "https://cdn.modrinth.com/data/eXrl5E3G/versions/7Wg923Xf/revelationary-1.3.8%2B1.20.1.jar"
sha1 = "b9fcb15757df87bf40b0916e2c95584a3fb72b71"
sha512 = "06ff761249409e314bd22783be5e66f863cd40857ca853417d8a2b53cd14d33d99d630c85bf1d058857608f20d3ce2fc1b492758a8b628b51647c68da433b616"
filename = "revelationary-1.3.8+1.20.1.jar"

[[mods.revelationary.deps]]
name = "fabric-api"
version = "0.92.2+1.20.1"
providers = ["Modrinth"]
loader = "Fabric"

[mods.spectrum]
version = "1.7.15"
server_side = true
client_side = true

[[mods.spectrum.source]]

[mods.spectrum.source.Download]
url = "https://cdn.modrinth.com/data/3rc31Hgo/versions/gz6VKRql/spectrum-1.7.15-deeper-down.jar"
sha1 = "1e6521d980924fdb7578074442c5aa66442b5bba"
sha512 = "09632f92009e0b89568bc7f04d7b32f304b7db4e270ef40d42c517fad0e7dbbeb7cb1b23fb98877922effacf03f2de8ff9b8d3a6d8242b831e77e51c0e842ca0"
filename = "spectrum-1.7.15-deeper-down.jar"

[[mods.spectrum.deps]]
name = "cloth-config"
version = "11.1.118+fabric"
providers = ["Modrinth"]
loader = "Fabric"

[[mods.spectrum.deps]]
name = "fabric-api"
version = "0.92.2+1.20.1"
providers = ["Modrinth"]
loader = "Fabric"

[[mods.spectrum.deps]]
name = "patchouli"
version = "1.20.1-84-fabric"
providers = ["Modrinth"]
loader = "Fabric"

[[mods.spectrum.deps]]
name = "revelationary"
version = "1.3.8+1.20.1"
providers = ["Modrinth"]
loader = "Fabric"

[[mods.spectrum.deps]]
name = "trinkets"
version = "3.7.2"
providers = ["Modrinth"]
loader = "Fabric"

[mods.trinkets]
version = "3.7.2"
server_side = true
client_side = true

[[mods.trinkets.source]]

[mods.trinkets.source.Download]
url = "https://cdn.modrinth.com/data/5aaWibi9/versions/AHxQGtuC/trinkets-3.7.2.jar"
sha1 = "d58cc8759587f03f320f188972ca66baa788d008"
sha512 = "bedf97c87c5e556416410267108ad358b32806448be24ef8ae1a79ac63b78b48b9c851c00c845b8aedfc7805601385420716b9e65326fdab21340e8ba3cc4274"
filename = "trinkets-3.7.2.jar"
